
Microsoft Visual Studio Solution File, Format Version 12.00
# Visual Studio 15
VisualStudioVersion = 15.0.27703.2035
MinimumVisualStudioVersion = 15.0.26124.0
Project("{9A19103F-16F7-4668-BE54-9A1E7A4F7556}") = "CommunicationServer", "CommunicationServer\CommunicationServer.csproj", "{9E2A5DBE-8667-4964-8327-261E5870D453}"
EndProject
Project("{9A19103F-16F7-4668-BE54-9A1E7A4F7556}") = "GameMaster", "GameMaster\GameMaster.csproj", "{B461EDE6-3A0E-4DF9-88AD-9650A4B02EC3}"
EndProject
Project("{9A19103F-16F7-4668-BE54-9A1E7A4F7556}") = "Player", "Player\Player.csproj", "{B9EF054F-3330-4D9D-9DC7-6F252AE496B8}"
EndProject
Project("{9A19103F-16F7-4668-BE54-9A1E7A4F7556}") = "GameMaster.Test", "GameMaster.Test\GameMaster.Test.csproj", "{69A716F1-1C65-44D3-BDD6-A600137576C0}"
EndProject
Project("{9A19103F-16F7-4668-BE54-9A1E7A4F7556}") = "Player.Test", "Player.Test\Player.Test.csproj", "{9B44BC10-A83C-43E2-BB86-D4A2D3CDDFC9}"
EndProject
Project("{9A19103F-16F7-4668-BE54-9A1E7A4F7556}") = "GameMaster.GUI", "GameMaster.GUI\GameMaster.GUI.csproj", "{EAE0829E-ED26-41A8-A0BF-4F9B5833C475}"
EndProject
Project("{9A19103F-16F7-4668-BE54-9A1E7A4F7556}") = "CommunicationUtils", "CommunicationUtils\CommunicationUtils.csproj", "{315CC0BE-EE94-414E-9FF3-1D6B36F1D431}"
EndProject
Project("{9A19103F-16F7-4668-BE54-9A1E7A4F7556}") = "CommunicationUtils.Test", "CommunicationUtils.Test\CommunicationUtils.Test.csproj", "{909A9ACC-978A-4A8C-9CD4-A35F76E43E4E}"
EndProject
Project("{9A19103F-16F7-4668-BE54-9A1E7A4F7556}") = "CommunicationServer.Test", "CommunicationServer.Test\CommunicationServer.Test.csproj", "{D9ED417F-3591-451E-9697-E8AF3E53B5F2}"
EndProject
Project("{FAE04EC0-301F-11D3-BF4B-00C04F79EFBC}") = "Integration.Test", "Game.Test\Integration.Test.csproj", "{70FFA75F-B58D-4001-8384-1197544C08F9}"
EndProject
Global
	GlobalSection(SolutionConfigurationPlatforms) = preSolution
		Debug|Any CPU = Debug|Any CPU
		Debug|ARM = Debug|ARM
		Debug|ARM64 = Debug|ARM64
		Debug|x64 = Debug|x64
		Debug|x86 = Debug|x86
		Release|Any CPU = Release|Any CPU
		Release|ARM = Release|ARM
		Release|ARM64 = Release|ARM64
		Release|x64 = Release|x64
		Release|x86 = Release|x86
	EndGlobalSection
	GlobalSection(ProjectConfigurationPlatforms) = postSolution
		{9E2A5DBE-8667-4964-8327-261E5870D453}.Debug|Any CPU.ActiveCfg = Debug|Any CPU
		{9E2A5DBE-8667-4964-8327-261E5870D453}.Debug|Any CPU.Build.0 = Debug|Any CPU
		{9E2A5DBE-8667-4964-8327-261E5870D453}.Debug|ARM.ActiveCfg = Debug|Any CPU
		{9E2A5DBE-8667-4964-8327-261E5870D453}.Debug|ARM.Build.0 = Debug|Any CPU
		{9E2A5DBE-8667-4964-8327-261E5870D453}.Debug|ARM64.ActiveCfg = Debug|Any CPU
		{9E2A5DBE-8667-4964-8327-261E5870D453}.Debug|ARM64.Build.0 = Debug|Any CPU
		{9E2A5DBE-8667-4964-8327-261E5870D453}.Debug|x64.ActiveCfg = Debug|Any CPU
		{9E2A5DBE-8667-4964-8327-261E5870D453}.Debug|x64.Build.0 = Debug|Any CPU
		{9E2A5DBE-8667-4964-8327-261E5870D453}.Debug|x86.ActiveCfg = Debug|Any CPU
		{9E2A5DBE-8667-4964-8327-261E5870D453}.Debug|x86.Build.0 = Debug|Any CPU
		{9E2A5DBE-8667-4964-8327-261E5870D453}.Release|Any CPU.ActiveCfg = Release|Any CPU
		{9E2A5DBE-8667-4964-8327-261E5870D453}.Release|Any CPU.Build.0 = Release|Any CPU
		{9E2A5DBE-8667-4964-8327-261E5870D453}.Release|ARM.ActiveCfg = Release|Any CPU
		{9E2A5DBE-8667-4964-8327-261E5870D453}.Release|ARM.Build.0 = Release|Any CPU
		{9E2A5DBE-8667-4964-8327-261E5870D453}.Release|ARM64.ActiveCfg = Release|Any CPU
		{9E2A5DBE-8667-4964-8327-261E5870D453}.Release|ARM64.Build.0 = Release|Any CPU
		{9E2A5DBE-8667-4964-8327-261E5870D453}.Release|x64.ActiveCfg = Release|Any CPU
		{9E2A5DBE-8667-4964-8327-261E5870D453}.Release|x64.Build.0 = Release|Any CPU
		{9E2A5DBE-8667-4964-8327-261E5870D453}.Release|x86.ActiveCfg = Release|Any CPU
		{9E2A5DBE-8667-4964-8327-261E5870D453}.Release|x86.Build.0 = Release|Any CPU
		{B461EDE6-3A0E-4DF9-88AD-9650A4B02EC3}.Debug|Any CPU.ActiveCfg = Debug|Any CPU
		{B461EDE6-3A0E-4DF9-88AD-9650A4B02EC3}.Debug|Any CPU.Build.0 = Debug|Any CPU
		{B461EDE6-3A0E-4DF9-88AD-9650A4B02EC3}.Debug|ARM.ActiveCfg = Debug|Any CPU
		{B461EDE6-3A0E-4DF9-88AD-9650A4B02EC3}.Debug|ARM.Build.0 = Debug|Any CPU
		{B461EDE6-3A0E-4DF9-88AD-9650A4B02EC3}.Debug|ARM64.ActiveCfg = Debug|Any CPU
		{B461EDE6-3A0E-4DF9-88AD-9650A4B02EC3}.Debug|ARM64.Build.0 = Debug|Any CPU
		{B461EDE6-3A0E-4DF9-88AD-9650A4B02EC3}.Debug|x64.ActiveCfg = Debug|Any CPU
		{B461EDE6-3A0E-4DF9-88AD-9650A4B02EC3}.Debug|x64.Build.0 = Debug|Any CPU
		{B461EDE6-3A0E-4DF9-88AD-9650A4B02EC3}.Debug|x86.ActiveCfg = Debug|Any CPU
		{B461EDE6-3A0E-4DF9-88AD-9650A4B02EC3}.Debug|x86.Build.0 = Debug|Any CPU
		{B461EDE6-3A0E-4DF9-88AD-9650A4B02EC3}.Release|Any CPU.ActiveCfg = Release|Any CPU
		{B461EDE6-3A0E-4DF9-88AD-9650A4B02EC3}.Release|Any CPU.Build.0 = Release|Any CPU
		{B461EDE6-3A0E-4DF9-88AD-9650A4B02EC3}.Release|ARM.ActiveCfg = Release|Any CPU
		{B461EDE6-3A0E-4DF9-88AD-9650A4B02EC3}.Release|ARM.Build.0 = Release|Any CPU
		{B461EDE6-3A0E-4DF9-88AD-9650A4B02EC3}.Release|ARM64.ActiveCfg = Release|Any CPU
		{B461EDE6-3A0E-4DF9-88AD-9650A4B02EC3}.Release|ARM64.Build.0 = Release|Any CPU
		{B461EDE6-3A0E-4DF9-88AD-9650A4B02EC3}.Release|x64.ActiveCfg = Release|Any CPU
		{B461EDE6-3A0E-4DF9-88AD-9650A4B02EC3}.Release|x64.Build.0 = Release|Any CPU
		{B461EDE6-3A0E-4DF9-88AD-9650A4B02EC3}.Release|x86.ActiveCfg = Release|Any CPU
		{B461EDE6-3A0E-4DF9-88AD-9650A4B02EC3}.Release|x86.Build.0 = Release|Any CPU
		{B9EF054F-3330-4D9D-9DC7-6F252AE496B8}.Debug|Any CPU.ActiveCfg = Debug|Any CPU
		{B9EF054F-3330-4D9D-9DC7-6F252AE496B8}.Debug|Any CPU.Build.0 = Debug|Any CPU
		{B9EF054F-3330-4D9D-9DC7-6F252AE496B8}.Debug|ARM.ActiveCfg = Debug|Any CPU
		{B9EF054F-3330-4D9D-9DC7-6F252AE496B8}.Debug|ARM.Build.0 = Debug|Any CPU
		{B9EF054F-3330-4D9D-9DC7-6F252AE496B8}.Debug|ARM64.ActiveCfg = Debug|Any CPU
		{B9EF054F-3330-4D9D-9DC7-6F252AE496B8}.Debug|ARM64.Build.0 = Debug|Any CPU
		{B9EF054F-3330-4D9D-9DC7-6F252AE496B8}.Debug|x64.ActiveCfg = Debug|Any CPU
		{B9EF054F-3330-4D9D-9DC7-6F252AE496B8}.Debug|x64.Build.0 = Debug|Any CPU
		{B9EF054F-3330-4D9D-9DC7-6F252AE496B8}.Debug|x86.ActiveCfg = Debug|Any CPU
		{B9EF054F-3330-4D9D-9DC7-6F252AE496B8}.Debug|x86.Build.0 = Debug|Any CPU
		{B9EF054F-3330-4D9D-9DC7-6F252AE496B8}.Release|Any CPU.ActiveCfg = Release|Any CPU
		{B9EF054F-3330-4D9D-9DC7-6F252AE496B8}.Release|Any CPU.Build.0 = Release|Any CPU
		{B9EF054F-3330-4D9D-9DC7-6F252AE496B8}.Release|ARM.ActiveCfg = Release|Any CPU
		{B9EF054F-3330-4D9D-9DC7-6F252AE496B8}.Release|ARM.Build.0 = Release|Any CPU
		{B9EF054F-3330-4D9D-9DC7-6F252AE496B8}.Release|ARM64.ActiveCfg = Release|Any CPU
		{B9EF054F-3330-4D9D-9DC7-6F252AE496B8}.Release|ARM64.Build.0 = Release|Any CPU
		{B9EF054F-3330-4D9D-9DC7-6F252AE496B8}.Release|x64.ActiveCfg = Release|Any CPU
		{B9EF054F-3330-4D9D-9DC7-6F252AE496B8}.Release|x64.Build.0 = Release|Any CPU
		{B9EF054F-3330-4D9D-9DC7-6F252AE496B8}.Release|x86.ActiveCfg = Release|Any CPU
		{B9EF054F-3330-4D9D-9DC7-6F252AE496B8}.Release|x86.Build.0 = Release|Any CPU
		{69A716F1-1C65-44D3-BDD6-A600137576C0}.Debug|Any CPU.ActiveCfg = Debug|Any CPU
		{69A716F1-1C65-44D3-BDD6-A600137576C0}.Debug|Any CPU.Build.0 = Debug|Any CPU
		{69A716F1-1C65-44D3-BDD6-A600137576C0}.Debug|ARM.ActiveCfg = Debug|Any CPU
		{69A716F1-1C65-44D3-BDD6-A600137576C0}.Debug|ARM.Build.0 = Debug|Any CPU
		{69A716F1-1C65-44D3-BDD6-A600137576C0}.Debug|ARM64.ActiveCfg = Debug|Any CPU
		{69A716F1-1C65-44D3-BDD6-A600137576C0}.Debug|ARM64.Build.0 = Debug|Any CPU
		{69A716F1-1C65-44D3-BDD6-A600137576C0}.Debug|x64.ActiveCfg = Debug|Any CPU
		{69A716F1-1C65-44D3-BDD6-A600137576C0}.Debug|x64.Build.0 = Debug|Any CPU
		{69A716F1-1C65-44D3-BDD6-A600137576C0}.Debug|x86.ActiveCfg = Debug|Any CPU
		{69A716F1-1C65-44D3-BDD6-A600137576C0}.Debug|x86.Build.0 = Debug|Any CPU
		{69A716F1-1C65-44D3-BDD6-A600137576C0}.Release|Any CPU.ActiveCfg = Release|Any CPU
		{69A716F1-1C65-44D3-BDD6-A600137576C0}.Release|Any CPU.Build.0 = Release|Any CPU
		{69A716F1-1C65-44D3-BDD6-A600137576C0}.Release|ARM.ActiveCfg = Release|Any CPU
		{69A716F1-1C65-44D3-BDD6-A600137576C0}.Release|ARM.Build.0 = Release|Any CPU
		{69A716F1-1C65-44D3-BDD6-A600137576C0}.Release|ARM64.ActiveCfg = Release|Any CPU
		{69A716F1-1C65-44D3-BDD6-A600137576C0}.Release|ARM64.Build.0 = Release|Any CPU
		{69A716F1-1C65-44D3-BDD6-A600137576C0}.Release|x64.ActiveCfg = Release|Any CPU
		{69A716F1-1C65-44D3-BDD6-A600137576C0}.Release|x64.Build.0 = Release|Any CPU
		{69A716F1-1C65-44D3-BDD6-A600137576C0}.Release|x86.ActiveCfg = Release|Any CPU
		{69A716F1-1C65-44D3-BDD6-A600137576C0}.Release|x86.Build.0 = Release|Any CPU
		{9B44BC10-A83C-43E2-BB86-D4A2D3CDDFC9}.Debug|Any CPU.ActiveCfg = Debug|Any CPU
		{9B44BC10-A83C-43E2-BB86-D4A2D3CDDFC9}.Debug|Any CPU.Build.0 = Debug|Any CPU
		{9B44BC10-A83C-43E2-BB86-D4A2D3CDDFC9}.Debug|ARM.ActiveCfg = Debug|Any CPU
		{9B44BC10-A83C-43E2-BB86-D4A2D3CDDFC9}.Debug|ARM.Build.0 = Debug|Any CPU
		{9B44BC10-A83C-43E2-BB86-D4A2D3CDDFC9}.Debug|ARM64.ActiveCfg = Debug|Any CPU
		{9B44BC10-A83C-43E2-BB86-D4A2D3CDDFC9}.Debug|ARM64.Build.0 = Debug|Any CPU
		{9B44BC10-A83C-43E2-BB86-D4A2D3CDDFC9}.Debug|x64.ActiveCfg = Debug|Any CPU
		{9B44BC10-A83C-43E2-BB86-D4A2D3CDDFC9}.Debug|x64.Build.0 = Debug|Any CPU
		{9B44BC10-A83C-43E2-BB86-D4A2D3CDDFC9}.Debug|x86.ActiveCfg = Debug|Any CPU
		{9B44BC10-A83C-43E2-BB86-D4A2D3CDDFC9}.Debug|x86.Build.0 = Debug|Any CPU
		{9B44BC10-A83C-43E2-BB86-D4A2D3CDDFC9}.Release|Any CPU.ActiveCfg = Release|Any CPU
		{9B44BC10-A83C-43E2-BB86-D4A2D3CDDFC9}.Release|Any CPU.Build.0 = Release|Any CPU
		{9B44BC10-A83C-43E2-BB86-D4A2D3CDDFC9}.Release|ARM.ActiveCfg = Release|Any CPU
		{9B44BC10-A83C-43E2-BB86-D4A2D3CDDFC9}.Release|ARM.Build.0 = Release|Any CPU
		{9B44BC10-A83C-43E2-BB86-D4A2D3CDDFC9}.Release|ARM64.ActiveCfg = Release|Any CPU
		{9B44BC10-A83C-43E2-BB86-D4A2D3CDDFC9}.Release|ARM64.Build.0 = Release|Any CPU
		{9B44BC10-A83C-43E2-BB86-D4A2D3CDDFC9}.Release|x64.ActiveCfg = Release|Any CPU
		{9B44BC10-A83C-43E2-BB86-D4A2D3CDDFC9}.Release|x64.Build.0 = Release|Any CPU
		{9B44BC10-A83C-43E2-BB86-D4A2D3CDDFC9}.Release|x86.ActiveCfg = Release|Any CPU
		{9B44BC10-A83C-43E2-BB86-D4A2D3CDDFC9}.Release|x86.Build.0 = Release|Any CPU
		{EAE0829E-ED26-41A8-A0BF-4F9B5833C475}.Debug|Any CPU.ActiveCfg = Debug|Any CPU
		{EAE0829E-ED26-41A8-A0BF-4F9B5833C475}.Debug|Any CPU.Build.0 = Debug|Any CPU
		{EAE0829E-ED26-41A8-A0BF-4F9B5833C475}.Debug|ARM.ActiveCfg = Debug|Any CPU
		{EAE0829E-ED26-41A8-A0BF-4F9B5833C475}.Debug|ARM.Build.0 = Debug|Any CPU
		{EAE0829E-ED26-41A8-A0BF-4F9B5833C475}.Debug|ARM64.ActiveCfg = Debug|Any CPU
		{EAE0829E-ED26-41A8-A0BF-4F9B5833C475}.Debug|ARM64.Build.0 = Debug|Any CPU
		{EAE0829E-ED26-41A8-A0BF-4F9B5833C475}.Debug|x64.ActiveCfg = Debug|Any CPU
		{EAE0829E-ED26-41A8-A0BF-4F9B5833C475}.Debug|x64.Build.0 = Debug|Any CPU
		{EAE0829E-ED26-41A8-A0BF-4F9B5833C475}.Debug|x86.ActiveCfg = Debug|Any CPU
		{EAE0829E-ED26-41A8-A0BF-4F9B5833C475}.Debug|x86.Build.0 = Debug|Any CPU
		{EAE0829E-ED26-41A8-A0BF-4F9B5833C475}.Release|Any CPU.ActiveCfg = Release|Any CPU
		{EAE0829E-ED26-41A8-A0BF-4F9B5833C475}.Release|Any CPU.Build.0 = Release|Any CPU
		{EAE0829E-ED26-41A8-A0BF-4F9B5833C475}.Release|ARM.ActiveCfg = Release|Any CPU
		{EAE0829E-ED26-41A8-A0BF-4F9B5833C475}.Release|ARM.Build.0 = Release|Any CPU
		{EAE0829E-ED26-41A8-A0BF-4F9B5833C475}.Release|ARM64.ActiveCfg = Release|Any CPU
		{EAE0829E-ED26-41A8-A0BF-4F9B5833C475}.Release|ARM64.Build.0 = Release|Any CPU
		{EAE0829E-ED26-41A8-A0BF-4F9B5833C475}.Release|x64.ActiveCfg = Release|Any CPU
		{EAE0829E-ED26-41A8-A0BF-4F9B5833C475}.Release|x64.Build.0 = Release|Any CPU
		{EAE0829E-ED26-41A8-A0BF-4F9B5833C475}.Release|x86.ActiveCfg = Release|Any CPU
		{EAE0829E-ED26-41A8-A0BF-4F9B5833C475}.Release|x86.Build.0 = Release|Any CPU
		{315CC0BE-EE94-414E-9FF3-1D6B36F1D431}.Debug|Any CPU.ActiveCfg = Debug|Any CPU
		{315CC0BE-EE94-414E-9FF3-1D6B36F1D431}.Debug|Any CPU.Build.0 = Debug|Any CPU
		{315CC0BE-EE94-414E-9FF3-1D6B36F1D431}.Debug|ARM.ActiveCfg = Debug|Any CPU
		{315CC0BE-EE94-414E-9FF3-1D6B36F1D431}.Debug|ARM.Build.0 = Debug|Any CPU
		{315CC0BE-EE94-414E-9FF3-1D6B36F1D431}.Debug|ARM64.ActiveCfg = Debug|Any CPU
		{315CC0BE-EE94-414E-9FF3-1D6B36F1D431}.Debug|ARM64.Build.0 = Debug|Any CPU
		{315CC0BE-EE94-414E-9FF3-1D6B36F1D431}.Debug|x64.ActiveCfg = Debug|Any CPU
		{315CC0BE-EE94-414E-9FF3-1D6B36F1D431}.Debug|x64.Build.0 = Debug|Any CPU
		{315CC0BE-EE94-414E-9FF3-1D6B36F1D431}.Debug|x86.ActiveCfg = Debug|Any CPU
		{315CC0BE-EE94-414E-9FF3-1D6B36F1D431}.Debug|x86.Build.0 = Debug|Any CPU
		{315CC0BE-EE94-414E-9FF3-1D6B36F1D431}.Release|Any CPU.ActiveCfg = Release|Any CPU
		{315CC0BE-EE94-414E-9FF3-1D6B36F1D431}.Release|Any CPU.Build.0 = Release|Any CPU
		{315CC0BE-EE94-414E-9FF3-1D6B36F1D431}.Release|ARM.ActiveCfg = Release|Any CPU
		{315CC0BE-EE94-414E-9FF3-1D6B36F1D431}.Release|ARM.Build.0 = Release|Any CPU
		{315CC0BE-EE94-414E-9FF3-1D6B36F1D431}.Release|ARM64.ActiveCfg = Release|Any CPU
		{315CC0BE-EE94-414E-9FF3-1D6B36F1D431}.Release|ARM64.Build.0 = Release|Any CPU
		{315CC0BE-EE94-414E-9FF3-1D6B36F1D431}.Release|x64.ActiveCfg = Release|Any CPU
		{315CC0BE-EE94-414E-9FF3-1D6B36F1D431}.Release|x64.Build.0 = Release|Any CPU
		{315CC0BE-EE94-414E-9FF3-1D6B36F1D431}.Release|x86.ActiveCfg = Release|Any CPU
		{315CC0BE-EE94-414E-9FF3-1D6B36F1D431}.Release|x86.Build.0 = Release|Any CPU
		{909A9ACC-978A-4A8C-9CD4-A35F76E43E4E}.Debug|Any CPU.ActiveCfg = Debug|Any CPU
		{909A9ACC-978A-4A8C-9CD4-A35F76E43E4E}.Debug|Any CPU.Build.0 = Debug|Any CPU
		{909A9ACC-978A-4A8C-9CD4-A35F76E43E4E}.Debug|ARM.ActiveCfg = Debug|Any CPU
		{909A9ACC-978A-4A8C-9CD4-A35F76E43E4E}.Debug|ARM.Build.0 = Debug|Any CPU
		{909A9ACC-978A-4A8C-9CD4-A35F76E43E4E}.Debug|ARM64.ActiveCfg = Debug|Any CPU
		{909A9ACC-978A-4A8C-9CD4-A35F76E43E4E}.Debug|ARM64.Build.0 = Debug|Any CPU
		{909A9ACC-978A-4A8C-9CD4-A35F76E43E4E}.Debug|x64.ActiveCfg = Debug|Any CPU
		{909A9ACC-978A-4A8C-9CD4-A35F76E43E4E}.Debug|x64.Build.0 = Debug|Any CPU
		{909A9ACC-978A-4A8C-9CD4-A35F76E43E4E}.Debug|x86.ActiveCfg = Debug|Any CPU
		{909A9ACC-978A-4A8C-9CD4-A35F76E43E4E}.Debug|x86.Build.0 = Debug|Any CPU
		{909A9ACC-978A-4A8C-9CD4-A35F76E43E4E}.Release|Any CPU.ActiveCfg = Release|Any CPU
		{909A9ACC-978A-4A8C-9CD4-A35F76E43E4E}.Release|Any CPU.Build.0 = Release|Any CPU
		{909A9ACC-978A-4A8C-9CD4-A35F76E43E4E}.Release|ARM.ActiveCfg = Release|Any CPU
		{909A9ACC-978A-4A8C-9CD4-A35F76E43E4E}.Release|ARM.Build.0 = Release|Any CPU
		{909A9ACC-978A-4A8C-9CD4-A35F76E43E4E}.Release|ARM64.ActiveCfg = Release|Any CPU
		{909A9ACC-978A-4A8C-9CD4-A35F76E43E4E}.Release|ARM64.Build.0 = Release|Any CPU
		{909A9ACC-978A-4A8C-9CD4-A35F76E43E4E}.Release|x64.ActiveCfg = Release|Any CPU
		{909A9ACC-978A-4A8C-9CD4-A35F76E43E4E}.Release|x64.Build.0 = Release|Any CPU
		{909A9ACC-978A-4A8C-9CD4-A35F76E43E4E}.Release|x86.ActiveCfg = Release|Any CPU
		{909A9ACC-978A-4A8C-9CD4-A35F76E43E4E}.Release|x86.Build.0 = Release|Any CPU
		{D9ED417F-3591-451E-9697-E8AF3E53B5F2}.Debug|Any CPU.ActiveCfg = Debug|Any CPU
		{D9ED417F-3591-451E-9697-E8AF3E53B5F2}.Debug|Any CPU.Build.0 = Debug|Any CPU
		{D9ED417F-3591-451E-9697-E8AF3E53B5F2}.Debug|ARM.ActiveCfg = Debug|Any CPU
		{D9ED417F-3591-451E-9697-E8AF3E53B5F2}.Debug|ARM.Build.0 = Debug|Any CPU
		{D9ED417F-3591-451E-9697-E8AF3E53B5F2}.Debug|ARM64.ActiveCfg = Debug|Any CPU
		{D9ED417F-3591-451E-9697-E8AF3E53B5F2}.Debug|ARM64.Build.0 = Debug|Any CPU
		{D9ED417F-3591-451E-9697-E8AF3E53B5F2}.Debug|x64.ActiveCfg = Debug|Any CPU
		{D9ED417F-3591-451E-9697-E8AF3E53B5F2}.Debug|x64.Build.0 = Debug|Any CPU
		{D9ED417F-3591-451E-9697-E8AF3E53B5F2}.Debug|x86.ActiveCfg = Debug|Any CPU
		{D9ED417F-3591-451E-9697-E8AF3E53B5F2}.Debug|x86.Build.0 = Debug|Any CPU
		{D9ED417F-3591-451E-9697-E8AF3E53B5F2}.Release|Any CPU.ActiveCfg = Release|Any CPU
		{D9ED417F-3591-451E-9697-E8AF3E53B5F2}.Release|Any CPU.Build.0 = Release|Any CPU
		{D9ED417F-3591-451E-9697-E8AF3E53B5F2}.Release|ARM.ActiveCfg = Release|Any CPU
		{D9ED417F-3591-451E-9697-E8AF3E53B5F2}.Release|ARM.Build.0 = Release|Any CPU
		{D9ED417F-3591-451E-9697-E8AF3E53B5F2}.Release|ARM64.ActiveCfg = Release|Any CPU
		{D9ED417F-3591-451E-9697-E8AF3E53B5F2}.Release|ARM64.Build.0 = Release|Any CPU
		{D9ED417F-3591-451E-9697-E8AF3E53B5F2}.Release|x64.ActiveCfg = Release|Any CPU
		{D9ED417F-3591-451E-9697-E8AF3E53B5F2}.Release|x64.Build.0 = Release|Any CPU
		{D9ED417F-3591-451E-9697-E8AF3E53B5F2}.Release|x86.ActiveCfg = Release|Any CPU
		{D9ED417F-3591-451E-9697-E8AF3E53B5F2}.Release|x86.Build.0 = Release|Any CPU
		{70FFA75F-B58D-4001-8384-1197544C08F9}.Debug|Any CPU.ActiveCfg = Debug|Any CPU
		{70FFA75F-B58D-4001-8384-1197544C08F9}.Debug|Any CPU.Build.0 = Debug|Any CPU
		{70FFA75F-B58D-4001-8384-1197544C08F9}.Debug|ARM.ActiveCfg = Debug|Any CPU
		{70FFA75F-B58D-4001-8384-1197544C08F9}.Debug|ARM.Build.0 = Debug|Any CPU
		{70FFA75F-B58D-4001-8384-1197544C08F9}.Debug|ARM64.ActiveCfg = Debug|Any CPU
		{70FFA75F-B58D-4001-8384-1197544C08F9}.Debug|ARM64.Build.0 = Debug|Any CPU
		{70FFA75F-B58D-4001-8384-1197544C08F9}.Debug|x64.ActiveCfg = Debug|Any CPU
		{70FFA75F-B58D-4001-8384-1197544C08F9}.Debug|x64.Build.0 = Debug|Any CPU
		{70FFA75F-B58D-4001-8384-1197544C08F9}.Debug|x86.ActiveCfg = Debug|Any CPU
		{70FFA75F-B58D-4001-8384-1197544C08F9}.Debug|x86.Build.0 = Debug|Any CPU
		{70FFA75F-B58D-4001-8384-1197544C08F9}.Release|Any CPU.ActiveCfg = Release|Any CPU
		{70FFA75F-B58D-4001-8384-1197544C08F9}.Release|Any CPU.Build.0 = Release|Any CPU
		{70FFA75F-B58D-4001-8384-1197544C08F9}.Release|ARM.ActiveCfg = Release|Any CPU
		{70FFA75F-B58D-4001-8384-1197544C08F9}.Release|ARM.Build.0 = Release|Any CPU
		{70FFA75F-B58D-4001-8384-1197544C08F9}.Release|ARM64.ActiveCfg = Release|Any CPU
		{70FFA75F-B58D-4001-8384-1197544C08F9}.Release|ARM64.Build.0 = Release|Any CPU
		{70FFA75F-B58D-4001-8384-1197544C08F9}.Release|x64.ActiveCfg = Release|Any CPU
		{70FFA75F-B58D-4001-8384-1197544C08F9}.Release|x64.Build.0 = Release|Any CPU
		{70FFA75F-B58D-4001-8384-1197544C08F9}.Release|x86.ActiveCfg = Release|Any CPU
		{70FFA75F-B58D-4001-8384-1197544C08F9}.Release|x86.Build.0 = Release|Any CPU
	EndGlobalSection
	GlobalSection(SolutionProperties) = preSolution
		HideSolutionNode = FALSE
	EndGlobalSection
	GlobalSection(ExtensibilityGlobals) = postSolution
		SolutionGuid = {21FAA911-A020-452F-8D87-88F2971A81F7}
	EndGlobalSection
EndGlobal
